
Microsoft Visual Studio Solution File, Format Version 12.00
# Visual Studio Version 17
VisualStudioVersion = 17.9.34616.47
MinimumVisualStudioVersion = 10.0.40219.1
Project("{9A19103F-16F7-4668-BE54-9A1E7A4F7556}") = "Tnet", "Tnet\Tnet\Tnet.csproj", "{30C71D73-EC12-4F17-AC60-B09477D68DA4}"
EndProject
Project("{9A19103F-16F7-4668-BE54-9A1E7A4F7556}") = "Tnet.Client", "Tnet\Tnet.Client\Tnet.Client.csproj", "{BBDC7061-5C56-4172-AC19-5339714EA74F}"
EndProject
Global
	GlobalSection(SolutionConfigurationPlatforms) = preSolution
		Debug|Any CPU = Debug|Any CPU
		Release|Any CPU = Release|Any CPU
	EndGlobalSection
	GlobalSection(ProjectConfigurationPlatforms) = postSolution
		{30C71D73-EC12-4F17-AC60-B09477D68DA4}.Debug|Any CPU.ActiveCfg = Debug|Any CPU
		{30C71D73-EC12-4F17-AC60-B09477D68DA4}.Debug|Any CPU.Build.0 = Debug|Any CPU
		{30C71D73-EC12-4F17-AC60-B09477D68DA4}.Release|Any CPU.ActiveCfg = Release|Any CPU
		{30C71D73-EC12-4F17-AC60-B09477D68DA4}.Release|Any CPU.Build.0 = Release|Any CPU
		{BBDC7061-5C56-4172-AC19-5339714EA74F}.Debug|Any CPU.ActiveCfg = Debug|Any CPU
		{BBDC7061-5C56-4172-AC19-5339714EA74F}.Debug|Any CPU.Build.0 = Debug|Any CPU
		{BBDC7061-5C56-4172-AC19-5339714EA74F}.Release|Any CPU.ActiveCfg = Release|Any CPU
		{BBDC7061-5C56-4172-AC19-5339714EA74F}.Release|Any CPU.Build.0 = Release|Any CPU
	EndGlobalSection
	GlobalSection(SolutionProperties) = preSolution
		HideSolutionNode = FALSE
	EndGlobalSection
	GlobalSection(ExtensibilityGlobals) = postSolution
		SolutionGuid = {86CC1CEA-3380-4190-A77C-98EEF0188F3D}
	EndGlobalSection
EndGlobal
